
Microsoft Visual Studio Solution File, Format Version 12.00
# Visual Studio 14
VisualStudioVersion = 14.0.25420.1
MinimumVisualStudioVersion = 10.0.40219.1
Project("{E24C65DC-7377-472B-9ABA-BC803B73C61A}") = "Motivado", "..\..\..\..\Desktop\Motivado\", "{0F45732C-BE79-4B0A-862D-CBD06B286E74}"
	ProjectSection(WebsiteProperties) = preProject
		TargetFrameworkMoniker = ".NETFramework,Version%3Dv4.5.2"
		Debug.AspNetCompiler.VirtualPath = "/localhost_56500"
		Debug.AspNetCompiler.PhysicalPath = "..\..\..\..\Desktop\Motivado\"
		Debug.AspNetCompiler.TargetPath = "PrecompiledWeb\localhost_56500\"
		Debug.AspNetCompiler.Updateable = "true"
		Debug.AspNetCompiler.ForceOverwrite = "true"
		Debug.AspNetCompiler.FixedNames = "false"
		Debug.AspNetCompiler.Debug = "True"
		Release.AspNetCompiler.VirtualPath = "/localhost_56500"
		Release.AspNetCompiler.PhysicalPath = "..\..\..\..\Desktop\Motivado\"
		Release.AspNetCompiler.TargetPath = "PrecompiledWeb\localhost_56500\"
		Release.AspNetCompiler.Updateable = "true"
		Release.AspNetCompiler.ForceOverwrite = "true"
		Release.AspNetCompiler.FixedNames = "false"
		Release.AspNetCompiler.Debug = "False"
		VWDPort = "56500"
		SlnRelativePath = "..\..\..\..\Desktop\Motivado\"
		DefaultWebSiteLanguage = "Visual C#"
	EndProjectSection
EndProject
Global
	GlobalSection(SolutionConfigurationPlatforms) = preSolution
		Debug|Any CPU = Debug|Any CPU
	EndGlobalSection
	GlobalSection(ProjectConfigurationPlatforms) = postSolution
		{0F45732C-BE79-4B0A-862D-CBD06B286E74}.Debug|Any CPU.ActiveCfg = Debug|Any CPU
		{0F45732C-BE79-4B0A-862D-CBD06B286E74}.Debug|Any CPU.Build.0 = Debug|Any CPU
	EndGlobalSection
	GlobalSection(SolutionProperties) = preSolution
		HideSolutionNode = FALSE
	EndGlobalSection
EndGlobal
